
Microsoft Visual Studio Solution File, Format Version 12.00
# Visual Studio Version 17
VisualStudioVersion = 17.11.35222.181
MinimumVisualStudioVersion = 10.0.40219.1
Project("{FAE04EC0-301F-11D3-BF4B-00C04F79EFBC}") = "loginApi", "loginApi.csproj", "{581C11FC-BAB8-4027-9939-9A8E1FBCF227}"
EndProject
Global
	GlobalSection(SolutionConfigurationPlatforms) = preSolution
		Debug|Any CPU = Debug|Any CPU
		Release|Any CPU = Release|Any CPU
	EndGlobalSection
	GlobalSection(ProjectConfigurationPlatforms) = postSolution
		{581C11FC-BAB8-4027-9939-9A8E1FBCF227}.Debug|Any CPU.ActiveCfg = Debug|Any CPU
		{581C11FC-BAB8-4027-9939-9A8E1FBCF227}.Debug|Any CPU.Build.0 = Debug|Any CPU
		{581C11FC-BAB8-4027-9939-9A8E1FBCF227}.Release|Any CPU.ActiveCfg = Release|Any CPU
		{581C11FC-BAB8-4027-9939-9A8E1FBCF227}.Release|Any CPU.Build.0 = Release|Any CPU
	EndGlobalSection
	GlobalSection(SolutionProperties) = preSolution
		HideSolutionNode = FALSE
	EndGlobalSection
	GlobalSection(ExtensibilityGlobals) = postSolution
		SolutionGuid = {97A9E6FB-6622-4D01-BEC4-41BC7D5E8D1D}
	EndGlobalSection
EndGlobal
